// !$*UTF8*$!
{
	archiveVersion = 1;
	classes = {
	};
	objectVersion = 56;
	objects = {

/* Begin PBXBuildFile section */
		F106B4ED2C89A421006E22A3 /* OnboardingView.swift in Sources */ = {isa = PBXBuildFile; fileRef = F106B4EC2C89A421006E22A3 /* OnboardingView.swift */; };
		F106B4EF2C89A546006E22A3 /* OnboardingViewDetails.swift in Sources */ = {isa = PBXBuildFile; fileRef = F106B4EE2C89A546006E22A3 /* OnboardingViewDetails.swift */; };
		F106B4FB2C89C6AC006E22A3 /* PokemonCard.swift in Sources */ = {isa = PBXBuildFile; fileRef = F106B4FA2C89C6AC006E22A3 /* PokemonCard.swift */; };
		F17949E72C8858C200EC66DE /* PokeDex_ClassicApp.swift in Sources */ = {isa = PBXBuildFile; fileRef = F17949E62C8858C200EC66DE /* PokeDex_ClassicApp.swift */; };
		F17949EB2C8858C300EC66DE /* Assets.xcassets in Resources */ = {isa = PBXBuildFile; fileRef = F17949EA2C8858C300EC66DE /* Assets.xcassets */; };
		F17949EE2C8858C300EC66DE /* Preview Assets.xcassets in Resources */ = {isa = PBXBuildFile; fileRef = F17949ED2C8858C300EC66DE /* Preview Assets.xcassets */; };
		F17949F62C88592500EC66DE /* Pokemon.swift in Sources */ = {isa = PBXBuildFile; fileRef = F17949F52C88592500EC66DE /* Pokemon.swift */; };
		F17949F82C88594000EC66DE /* DataService.swift in Sources */ = {isa = PBXBuildFile; fileRef = F17949F72C88594000EC66DE /* DataService.swift */; };
		F17949FA2C88599100EC66DE /* ListView.swift in Sources */ = {isa = PBXBuildFile; fileRef = F17949F92C88599100EC66DE /* ListView.swift */; };
		F17949FC2C8859A500EC66DE /* PokemonViewModel.swift in Sources */ = {isa = PBXBuildFile; fileRef = F17949FB2C8859A500EC66DE /* PokemonViewModel.swift */; };
		F17949FE2C885F4E00EC66DE /* DetailView.swift in Sources */ = {isa = PBXBuildFile; fileRef = F17949FD2C885F4E00EC66DE /* DetailView.swift */; };
		F1794A012C886F2E00EC66DE /* PokemonTypeColorHelper.swift in Sources */ = {isa = PBXBuildFile; fileRef = F1794A002C886F2E00EC66DE /* PokemonTypeColorHelper.swift */; };
		F1794A062C88C9EE00EC66DE /* AboutTextView.swift in Sources */ = {isa = PBXBuildFile; fileRef = F1794A052C88C9EE00EC66DE /* AboutTextView.swift */; };
		F1794A082C88D31A00EC66DE /* StatsView.swift in Sources */ = {isa = PBXBuildFile; fileRef = F1794A072C88D31A00EC66DE /* StatsView.swift */; };
/* End PBXBuildFile section */

/* Begin PBXFileReference section */
		F106B4EC2C89A421006E22A3 /* OnboardingView.swift */ = {isa = PBXFileReference; lastKnownFileType = sourcecode.swift; path = OnboardingView.swift; sourceTree = "<group>"; };
		F106B4EE2C89A546006E22A3 /* OnboardingViewDetails.swift */ = {isa = PBXFileReference; lastKnownFileType = sourcecode.swift; path = OnboardingViewDetails.swift; sourceTree = "<group>"; };
		F106B4FA2C89C6AC006E22A3 /* PokemonCard.swift */ = {isa = PBXFileReference; lastKnownFileType = sourcecode.swift; path = PokemonCard.swift; sourceTree = "<group>"; };
		F17949E32C8858C200EC66DE /* PokeDex Classic.app */ = {isa = PBXFileReference; explicitFileType = wrapper.application; includeInIndex = 0; path = "PokeDex Classic.app"; sourceTree = BUILT_PRODUCTS_DIR; };
		F17949E62C8858C200EC66DE /* PokeDex_ClassicApp.swift */ = {isa = PBXFileReference; lastKnownFileType = sourcecode.swift; path = PokeDex_ClassicApp.swift; sourceTree = "<group>"; };
		F17949EA2C8858C300EC66DE /* Assets.xcassets */ = {isa = PBXFileReference; lastKnownFileType = folder.assetcatalog; path = Assets.xcassets; sourceTree = "<group>"; };
		F17949ED2C8858C300EC66DE /* Preview Assets.xcassets */ = {isa = PBXFileReference; lastKnownFileType = folder.assetcatalog; path = "Preview Assets.xcassets"; sourceTree = "<group>"; };
		F17949F52C88592500EC66DE /* Pokemon.swift */ = {isa = PBXFileReference; lastKnownFileType = sourcecode.swift; path = Pokemon.swift; sourceTree = "<group>"; };
		F17949F72C88594000EC66DE /* DataService.swift */ = {isa = PBXFileReference; lastKnownFileType = sourcecode.swift; path = DataService.swift; sourceTree = "<group>"; };
		F17949F92C88599100EC66DE /* ListView.swift */ = {isa = PBXFileReference; lastKnownFileType = sourcecode.swift; path = ListView.swift; sourceTree = "<group>"; };
		F17949FB2C8859A500EC66DE /* PokemonViewModel.swift */ = {isa = PBXFileReference; lastKnownFileType = sourcecode.swift; path = PokemonViewModel.swift; sourceTree = "<group>"; };
		F17949FD2C885F4E00EC66DE /* DetailView.swift */ = {isa = PBXFileReference; lastKnownFileType = sourcecode.swift; path = DetailView.swift; sourceTree = "<group>"; };
		F1794A002C886F2E00EC66DE /* PokemonTypeColorHelper.swift */ = {isa = PBXFileReference; lastKnownFileType = sourcecode.swift; path = PokemonTypeColorHelper.swift; sourceTree = "<group>"; };
		F1794A052C88C9EE00EC66DE /* AboutTextView.swift */ = {isa = PBXFileReference; lastKnownFileType = sourcecode.swift; path = AboutTextView.swift; sourceTree = "<group>"; };
		F1794A072C88D31A00EC66DE /* StatsView.swift */ = {isa = PBXFileReference; lastKnownFileType = sourcecode.swift; path = StatsView.swift; sourceTree = "<group>"; };
/* End PBXFileReference section */

/* Begin PBXFrameworksBuildPhase section */
		F17949E02C8858C200EC66DE /* Frameworks */ = {
			isa = PBXFrameworksBuildPhase;
			buildActionMask = 2147483647;
			files = (
			);
			runOnlyForDeploymentPostprocessing = 0;
		};
/* End PBXFrameworksBuildPhase section */

/* Begin PBXGroup section */
		F106B4EB2C89A3EE006E22A3 /* Onboarding */ = {
			isa = PBXGroup;
			children = (
				F106B4EC2C89A421006E22A3 /* OnboardingView.swift */,
				F106B4EE2C89A546006E22A3 /* OnboardingViewDetails.swift */,
			);
			path = Onboarding;
			sourceTree = "<group>";
		};
		F17949DA2C8858C200EC66DE = {
			isa = PBXGroup;
			children = (
				F17949E52C8858C200EC66DE /* PokeDex Classic */,
				F17949E42C8858C200EC66DE /* Products */,
			);
			sourceTree = "<group>";
		};
		F17949E42C8858C200EC66DE /* Products */ = {
			isa = PBXGroup;
			children = (
				F17949E32C8858C200EC66DE /* PokeDex Classic.app */,
			);
			name = Products;
			sourceTree = "<group>";
		};
		F17949E52C8858C200EC66DE /* PokeDex Classic */ = {
			isa = PBXGroup;
			children = (
				F17949E62C8858C200EC66DE /* PokeDex_ClassicApp.swift */,
				F106B4EB2C89A3EE006E22A3 /* Onboarding */,
				F17949F92C88599100EC66DE /* ListView.swift */,
				F17949FD2C885F4E00EC66DE /* DetailView.swift */,
				F17949FB2C8859A500EC66DE /* PokemonViewModel.swift */,
				F17949F72C88594000EC66DE /* DataService.swift */,
				F1794A022C887D3700EC66DE /* Components */,
				F17949F42C88590C00EC66DE /* Model */,
				F17949FF2C886F2300EC66DE /* Helper */,
				F17949EA2C8858C300EC66DE /* Assets.xcassets */,
				F17949EC2C8858C300EC66DE /* Preview Content */,
			);
			path = "PokeDex Classic";
			sourceTree = "<group>";
		};
		F17949EC2C8858C300EC66DE /* Preview Content */ = {
			isa = PBXGroup;
			children = (
				F17949ED2C8858C300EC66DE /* Preview Assets.xcassets */,
			);
			path = "Preview Content";
			sourceTree = "<group>";
		};
		F17949F42C88590C00EC66DE /* Model */ = {
			isa = PBXGroup;
			children = (
				F17949F52C88592500EC66DE /* Pokemon.swift */,
			);
			path = Model;
			sourceTree = "<group>";
		};
		F17949FF2C886F2300EC66DE /* Helper */ = {
			isa = PBXGroup;
			children = (
				F1794A002C886F2E00EC66DE /* PokemonTypeColorHelper.swift */,
			);
			path = Helper;
			sourceTree = "<group>";
		};
		F1794A022C887D3700EC66DE /* Components */ = {
			isa = PBXGroup;
			children = (
				F1794A052C88C9EE00EC66DE /* AboutTextView.swift */,
				F1794A072C88D31A00EC66DE /* StatsView.swift */,
				F106B4FA2C89C6AC006E22A3 /* PokemonCard.swift */,
			);
			path = Components;
			sourceTree = "<group>";
		};
/* End PBXGroup section */

/* Begin PBXNativeTarget section */
		F17949E22C8858C200EC66DE /* PokeDex Classic */ = {
			isa = PBXNativeTarget;
			buildConfigurationList = F17949F12C8858C300EC66DE /* Build configuration list for PBXNativeTarget "PokeDex Classic" */;
			buildPhases = (
				F17949DF2C8858C200EC66DE /* Sources */,
				F17949E02C8858C200EC66DE /* Frameworks */,
				F17949E12C8858C200EC66DE /* Resources */,
			);
			buildRules = (
			);
			dependencies = (
			);
			name = "PokeDex Classic";
			productName = "PokeDex Classic";
			productReference = F17949E32C8858C200EC66DE /* PokeDex Classic.app */;
			productType = "com.apple.product-type.application";
		};
/* End PBXNativeTarget section */

/* Begin PBXProject section */
		F17949DB2C8858C200EC66DE /* Project object */ = {
			isa = PBXProject;
			attributes = {
				BuildIndependentTargetsInParallel = 1;
				LastSwiftUpdateCheck = 1540;
				LastUpgradeCheck = 1540;
				TargetAttributes = {
					F17949E22C8858C200EC66DE = {
						CreatedOnToolsVersion = 15.4;
					};
				};
			};
			buildConfigurationList = F17949DE2C8858C200EC66DE /* Build configuration list for PBXProject "PokeDex Classic" */;
			compatibilityVersion = "Xcode 14.0";
			developmentRegion = en;
			hasScannedForEncodings = 0;
			knownRegions = (
				en,
				Base,
			);
			mainGroup = F17949DA2C8858C200EC66DE;
			productRefGroup = F17949E42C8858C200EC66DE /* Products */;
			projectDirPath = "";
			projectRoot = "";
			targets = (
				F17949E22C8858C200EC66DE /* PokeDex Classic */,
			);
		};
/* End PBXProject section */

/* Begin PBXResourcesBuildPhase section */
		F17949E12C8858C200EC66DE /* Resources */ = {
			isa = PBXResourcesBuildPhase;
			buildActionMask = 2147483647;
			files = (
				F17949EE2C8858C300EC66DE /* Preview Assets.xcassets in Resources */,
				F17949EB2C8858C300EC66DE /* Assets.xcassets in Resources */,
			);
			runOnlyForDeploymentPostprocessing = 0;
		};
/* End PBXResourcesBuildPhase section */

/* Begin PBXSourcesBuildPhase section */
		F17949DF2C8858C200EC66DE /* Sources */ = {
			isa = PBXSourcesBuildPhase;
			buildActionMask = 2147483647;
			files = (
				F1794A082C88D31A00EC66DE /* StatsView.swift in Sources */,
				F1794A012C886F2E00EC66DE /* PokemonTypeColorHelper.swift in Sources */,
				F17949FC2C8859A500EC66DE /* PokemonViewModel.swift in Sources */,
				F106B4FB2C89C6AC006E22A3 /* PokemonCard.swift in Sources */,
				F17949E72C8858C200EC66DE /* PokeDex_ClassicApp.swift in Sources */,
				F17949FE2C885F4E00EC66DE /* DetailView.swift in Sources */,
				F1794A062C88C9EE00EC66DE /* AboutTextView.swift in Sources */,
				F17949FA2C88599100EC66DE /* ListView.swift in Sources */,
				F17949F62C88592500EC66DE /* Pokemon.swift in Sources */,
				F17949F82C88594000EC66DE /* DataService.swift in Sources */,
				F106B4EF2C89A546006E22A3 /* OnboardingViewDetails.swift in Sources */,
				F106B4ED2C89A421006E22A3 /* OnboardingView.swift in Sources */,
			);
			runOnlyForDeploymentPostprocessing = 0;
		};
/* End PBXSourcesBuildPhase section */

/* Begin XCBuildConfiguration section */
		F17949EF2C8858C300EC66DE /* Debug */ = {
			isa = XCBuildConfiguration;
			buildSettings = {
				ALWAYS_SEARCH_USER_PATHS = NO;
				ASSETCATALOG_COMPILER_GENERATE_SWIFT_ASSET_SYMBOL_EXTENSIONS = YES;
				CLANG_ANALYZER_NONNULL = YES;
				CLANG_ANALYZER_NUMBER_OBJECT_CONVERSION = YES_AGGRESSIVE;
				CLANG_CXX_LANGUAGE_STANDARD = "gnu++20";
				CLANG_ENABLE_MODULES = YES;
				CLANG_ENABLE_OBJC_ARC = YES;
				CLANG_ENABLE_OBJC_WEAK = YES;
				CLANG_WARN_BLOCK_CAPTURE_AUTORELEASING = YES;
				CLANG_WARN_BOOL_CONVERSION = YES;
				CLANG_WARN_COMMA = YES;
				CLANG_WARN_CONSTANT_CONVERSION = YES;
				CLANG_WARN_DEPRECATED_OBJC_IMPLEMENTATIONS = YES;
				CLANG_WARN_DIRECT_OBJC_ISA_USAGE = YES_ERROR;
				CLANG_WARN_DOCUMENTATION_COMMENTS = YES;
				CLANG_WARN_EMPTY_BODY = YES;
				CLANG_WARN_ENUM_CONVERSION = YES;
				CLANG_WARN_INFINITE_RECURSION = YES;
				CLANG_WARN_INT_CONVERSION = YES;
				CLANG_WARN_NON_LITERAL_NULL_CONVERSION = YES;
				CLANG_WARN_OBJC_IMPLICIT_RETAIN_SELF = YES;
				CLANG_WARN_OBJC_LITERAL_CONVERSION = YES;
				CLANG_WARN_OBJC_ROOT_CLASS = YES_ERROR;
				CLANG_WARN_QUOTED_INCLUDE_IN_FRAMEWORK_HEADER = YES;
				CLANG_WARN_RANGE_LOOP_ANALYSIS = YES;
				CLANG_WARN_STRICT_PROTOTYPES = YES;
				CLANG_WARN_SUSPICIOUS_MOVE = YES;
				CLANG_WARN_UNGUARDED_AVAILABILITY = YES_AGGRESSIVE;
				CLANG_WARN_UNREACHABLE_CODE = YES;
				CLANG_WARN__DUPLICATE_METHOD_MATCH = YES;
				COPY_PHASE_STRIP = NO;
				DEBUG_INFORMATION_FORMAT = dwarf;
				ENABLE_STRICT_OBJC_MSGSEND = YES;
				ENABLE_TESTABILITY = YES;
				ENABLE_USER_SCRIPT_SANDBOXING = YES;
				GCC_C_LANGUAGE_STANDARD = gnu17;
				GCC_DYNAMIC_NO_PIC = NO;
				GCC_NO_COMMON_BLOCKS = YES;
				GCC_OPTIMIZATION_LEVEL = 0;
				GCC_PREPROCESSOR_DEFINITIONS = (
					"DEBUG=1",
					"$(inherited)",
				);
				GCC_WARN_64_TO_32_BIT_CONVERSION = YES;
				GCC_WARN_ABOUT_RETURN_TYPE = YES_ERROR;
				GCC_WARN_UNDECLARED_SELECTOR = YES;
				GCC_WARN_UNINITIALIZED_AUTOS = YES_AGGRESSIVE;
				GCC_WARN_UNUSED_FUNCTION = YES;
				GCC_WARN_UNUSED_VARIABLE = YES;
				IPHONEOS_DEPLOYMENT_TARGET = 17.5;
				LOCALIZATION_PREFERS_STRING_CATALOGS = YES;
				MTL_ENABLE_DEBUG_INFO = INCLUDE_SOURCE;
				MTL_FAST_MATH = YES;
				ONLY_ACTIVE_ARCH = YES;
				SDKROOT = iphoneos;
				SWIFT_ACTIVE_COMPILATION_CONDITIONS = "DEBUG $(inherited)";
				SWIFT_OPTIMIZATION_LEVEL = "-Onone";
			};
			name = Debug;
		};
		F17949F02C8858C300EC66DE /* Release */ = {
			isa = XCBuildConfiguration;
			buildSettings = {
				ALWAYS_SEARCH_USER_PATHS = NO;
				ASSETCATALOG_COMPILER_GENERATE_SWIFT_ASSET_SYMBOL_EXTENSIONS = YES;
				CLANG_ANALYZER_NONNULL = YES;
				CLANG_ANALYZER_NUMBER_OBJECT_CONVERSION = YES_AGGRESSIVE;
				CLANG_CXX_LANGUAGE_STANDARD = "gnu++20";
				CLANG_ENABLE_MODULES = YES;
				CLANG_ENABLE_OBJC_ARC = YES;
				CLANG_ENABLE_OBJC_WEAK = YES;
				CLANG_WARN_BLOCK_CAPTURE_AUTORELEASING = YES;
				CLANG_WARN_BOOL_CONVERSION = YES;
				CLANG_WARN_COMMA = YES;
				CLANG_WARN_CONSTANT_CONVERSION = YES;
				CLANG_WARN_DEPRECATED_OBJC_IMPLEMENTATIONS = YES;
				CLANG_WARN_DIRECT_OBJC_ISA_USAGE = YES_ERROR;
				CLANG_WARN_DOCUMENTATION_COMMENTS = YES;
				CLANG_WARN_EMPTY_BODY = YES;
				CLANG_WARN_ENUM_CONVERSION = YES;
				CLANG_WARN_INFINITE_RECURSION = YES;
				CLANG_WARN_INT_CONVERSION = YES;
				CLANG_WARN_NON_LITERAL_NULL_CONVERSION = YES;
				CLANG_WARN_OBJC_IMPLICIT_RETAIN_SELF = YES;
				CLANG_WARN_OBJC_LITERAL_CONVERSION = YES;
				CLANG_WARN_OBJC_ROOT_CLASS = YES_ERROR;
				CLANG_WARN_QUOTED_INCLUDE_IN_FRAMEWORK_HEADER = YES;
				CLANG_WARN_RANGE_LOOP_ANALYSIS = YES;
				CLANG_WARN_STRICT_PROTOTYPES = YES;
				CLANG_WARN_SUSPICIOUS_MOVE = YES;
				CLANG_WARN_UNGUARDED_AVAILABILITY = YES_AGGRESSIVE;
				CLANG_WARN_UNREACHABLE_CODE = YES;
				CLANG_WARN__DUPLICATE_METHOD_MATCH = YES;
				COPY_PHASE_STRIP = NO;
				DEBUG_INFORMATION_FORMAT = "dwarf-with-dsym";
				ENABLE_NS_ASSERTIONS = NO;
				ENABLE_STRICT_OBJC_MSGSEND = YES;
				ENABLE_USER_SCRIPT_SANDBOXING = YES;
				GCC_C_LANGUAGE_STANDARD = gnu17;
				GCC_NO_COMMON_BLOCKS = YES;
				GCC_WARN_64_TO_32_BIT_CONVERSION = YES;
				GCC_WARN_ABOUT_RETURN_TYPE = YES_ERROR;
				GCC_WARN_UNDECLARED_SELECTOR = YES;
				GCC_WARN_UNINITIALIZED_AUTOS = YES_AGGRESSIVE;
				GCC_WARN_UNUSED_FUNCTION = YES;
				GCC_WARN_UNUSED_VARIABLE = YES;
				IPHONEOS_DEPLOYMENT_TARGET = 17.5;
				LOCALIZATION_PREFERS_STRING_CATALOGS = YES;
				MTL_ENABLE_DEBUG_INFO = NO;
				MTL_FAST_MATH = YES;
				SDKROOT = iphoneos;
				SWIFT_COMPILATION_MODE = wholemodule;
				VALIDATE_PRODUCT = YES;
			};
			name = Release;
		};
		F17949F22C8858C300EC66DE /* Debug */ = {
			isa = XCBuildConfiguration;
			buildSettings = {
				ASSETCATALOG_COMPILER_APPICON_NAME = AppIcon;
				ASSETCATALOG_COMPILER_GLOBAL_ACCENT_COLOR_NAME = AccentColor;
				CODE_SIGN_STYLE = Automatic;
				CURRENT_PROJECT_VERSION = 1;
				DEVELOPMENT_ASSET_PATHS = "\"PokeDex Classic/Preview Content\"";
				DEVELOPMENT_TEAM = 6L4GZV743V;
				ENABLE_PREVIEWS = YES;
				GENERATE_INFOPLIST_FILE = YES;
				INFOPLIST_KEY_UIApplicationSceneManifest_Generation = YES;
				INFOPLIST_KEY_UIApplicationSupportsIndirectInputEvents = YES;
				INFOPLIST_KEY_UILaunchScreen_Generation = YES;
				INFOPLIST_KEY_UISupportedInterfaceOrientations_iPad = "UIInterfaceOrientationPortrait UIInterfaceOrientationPortraitUpsideDown UIInterfaceOrientationLandscapeLeft UIInterfaceOrientationLandscapeRight";
				INFOPLIST_KEY_UISupportedInterfaceOrientations_iPhone = "UIInterfaceOrientationPortrait UIInterfaceOrientationLandscapeLeft UIInterfaceOrientationLandscapeRight";
				LD_RUNPATH_SEARCH_PATHS = (
					"$(inherited)",
					"@executable_path/Frameworks",
				);
				MARKETING_VERSION = 1.0;
				PRODUCT_BUNDLE_IDENTIFIER = "com.drb.PokeDex-Classic";
				PRODUCT_NAME = "$(TARGET_NAME)";
				SWIFT_EMIT_LOC_STRINGS = YES;
				SWIFT_VERSION = 5.0;
				TARGETED_DEVICE_FAMILY = "1,2";
			};
			name = Debug;
		};
		F17949F32C8858C300EC66DE /* Release */ = {
			isa = XCBuildConfiguration;
			buildSettings = {
				ASSETCATALOG_COMPILER_APPICON_NAME = AppIcon;
				ASSETCATALOG_COMPILER_GLOBAL_ACCENT_COLOR_NAME = AccentColor;
				CODE_SIGN_STYLE = Automatic;
				CURRENT_PROJECT_VERSION = 1;
				DEVELOPMENT_ASSET_PATHS = "\"PokeDex Classic/Preview Content\"";
				DEVELOPMENT_TEAM = 6L4GZV743V;
				ENABLE_PREVIEWS = YES;
				GENERATE_INFOPLIST_FILE = YES;
				INFOPLIST_KEY_UIApplicationSceneManifest_Generation = YES;
				INFOPLIST_KEY_UIApplicationSupportsIndirectInputEvents = YES;
				INFOPLIST_KEY_UILaunchScreen_Generation = YES;
				INFOPLIST_KEY_UISupportedInterfaceOrientations_iPad = "UIInterfaceOrientationPortrait UIInterfaceOrientationPortraitUpsideDown UIInterfaceOrientationLandscapeLeft UIInterfaceOrientationLandscapeRight";
				INFOPLIST_KEY_UISupportedInterfaceOrientations_iPhone = "UIInterfaceOrientationPortrait UIInterfaceOrientationLandscapeLeft UIInterfaceOrientationLandscapeRight";
				LD_RUNPATH_SEARCH_PATHS = (
					"$(inherited)",
					"@executable_path/Frameworks",
				);
				MARKETING_VERSION = 1.0;
				PRODUCT_BUNDLE_IDENTIFIER = "com.drb.PokeDex-Classic";
				PRODUCT_NAME = "$(TARGET_NAME)";
				SWIFT_EMIT_LOC_STRINGS = YES;
				SWIFT_VERSION = 5.0;
				TARGETED_DEVICE_FAMILY = "1,2";
			};
			name = Release;
		};
/* End XCBuildConfiguration section */

/* Begin XCConfigurationList section */
		F17949DE2C8858C200EC66DE /* Build configuration list for PBXProject "PokeDex Classic" */ = {
			isa = XCConfigurationList;
			buildConfigurations = (
				F17949EF2C8858C300EC66DE /* Debug */,
				F17949F02C8858C300EC66DE /* Release */,
			);
			defaultConfigurationIsVisible = 0;
			defaultConfigurationName = Release;
		};
		F17949F12C8858C300EC66DE /* Build configuration list for PBXNativeTarget "PokeDex Classic" */ = {
			isa = XCConfigurationList;
			buildConfigurations = (
				F17949F22C8858C300EC66DE /* Debug */,
				F17949F32C8858C300EC66DE /* Release */,
			);
			defaultConfigurationIsVisible = 0;
			defaultConfigurationName = Release;
		};
/* End XCConfigurationList section */
	};
	rootObject = F17949DB2C8858C200EC66DE /* Project object */;
}
